
Microsoft Visual Studio Solution File, Format Version 12.00
# Visual Studio Version 17
VisualStudioVersion = 17.3.32901.215
MinimumVisualStudioVersion = 10.0.40219.1
Project("{9A19103F-16F7-4668-BE54-9A1E7A4F7556}") = "Pruebat1", "Pruebat1.csproj", "{AB961996-CCC5-43FA-B679-3329AE7673C6}"
EndProject
Project("{9A19103F-16F7-4668-BE54-9A1E7A4F7556}") = "Entidadesdenegocio", "..\Entidadesdenegocio\Entidadesdenegocio.csproj", "{B5CFB573-FB60-42DB-AFE0-51E40CBC2EBF}"
EndProject
Project("{9A19103F-16F7-4668-BE54-9A1E7A4F7556}") = "Accesoadatos", "..\Accesoadatos\Accesoadatos.csproj", "{38315A94-DC46-490D-845A-DCC6BE49383D}"
EndProject
Project("{9A19103F-16F7-4668-BE54-9A1E7A4F7556}") = "LogicadeNegocios", "..\LogicadeNegocios\LogicadeNegocios.csproj", "{5AFFE92F-FAF0-4A2F-B252-7504FCDCF90E}"
EndProject
Project("{FAE04EC0-301F-11D3-BF4B-00C04F79EFBC}") = "Prueba1WebApi", "..\Prueba1WebApi\Prueba1WebApi.csproj", "{E5967F08-7ED3-43D5-910A-F92CB671B9B7}"
EndProject
Global
	GlobalSection(SolutionConfigurationPlatforms) = preSolution
		Debug|Any CPU = Debug|Any CPU
		Release|Any CPU = Release|Any CPU
	EndGlobalSection
	GlobalSection(ProjectConfigurationPlatforms) = postSolution
		{AB961996-CCC5-43FA-B679-3329AE7673C6}.Debug|Any CPU.ActiveCfg = Debug|Any CPU
		{AB961996-CCC5-43FA-B679-3329AE7673C6}.Debug|Any CPU.Build.0 = Debug|Any CPU
		{AB961996-CCC5-43FA-B679-3329AE7673C6}.Release|Any CPU.ActiveCfg = Release|Any CPU
		{AB961996-CCC5-43FA-B679-3329AE7673C6}.Release|Any CPU.Build.0 = Release|Any CPU
		{B5CFB573-FB60-42DB-AFE0-51E40CBC2EBF}.Debug|Any CPU.ActiveCfg = Debug|Any CPU
		{B5CFB573-FB60-42DB-AFE0-51E40CBC2EBF}.Debug|Any CPU.Build.0 = Debug|Any CPU
		{B5CFB573-FB60-42DB-AFE0-51E40CBC2EBF}.Release|Any CPU.ActiveCfg = Release|Any CPU
		{B5CFB573-FB60-42DB-AFE0-51E40CBC2EBF}.Release|Any CPU.Build.0 = Release|Any CPU
		{38315A94-DC46-490D-845A-DCC6BE49383D}.Debug|Any CPU.ActiveCfg = Debug|Any CPU
		{38315A94-DC46-490D-845A-DCC6BE49383D}.Debug|Any CPU.Build.0 = Debug|Any CPU
		{38315A94-DC46-490D-845A-DCC6BE49383D}.Release|Any CPU.ActiveCfg = Release|Any CPU
		{38315A94-DC46-490D-845A-DCC6BE49383D}.Release|Any CPU.Build.0 = Release|Any CPU
		{5AFFE92F-FAF0-4A2F-B252-7504FCDCF90E}.Debug|Any CPU.ActiveCfg = Debug|Any CPU
		{5AFFE92F-FAF0-4A2F-B252-7504FCDCF90E}.Debug|Any CPU.Build.0 = Debug|Any CPU
		{5AFFE92F-FAF0-4A2F-B252-7504FCDCF90E}.Release|Any CPU.ActiveCfg = Release|Any CPU
		{5AFFE92F-FAF0-4A2F-B252-7504FCDCF90E}.Release|Any CPU.Build.0 = Release|Any CPU
		{E5967F08-7ED3-43D5-910A-F92CB671B9B7}.Debug|Any CPU.ActiveCfg = Debug|Any CPU
		{E5967F08-7ED3-43D5-910A-F92CB671B9B7}.Debug|Any CPU.Build.0 = Debug|Any CPU
		{E5967F08-7ED3-43D5-910A-F92CB671B9B7}.Release|Any CPU.ActiveCfg = Release|Any CPU
		{E5967F08-7ED3-43D5-910A-F92CB671B9B7}.Release|Any CPU.Build.0 = Release|Any CPU
	EndGlobalSection
	GlobalSection(SolutionProperties) = preSolution
		HideSolutionNode = FALSE
	EndGlobalSection
	GlobalSection(ExtensibilityGlobals) = postSolution
		SolutionGuid = {57F4F834-36E8-4AF4-B2CD-0C5D3FC91227}
	EndGlobalSection
EndGlobal
